
Microsoft Visual Studio Solution File, Format Version 12.00
# Visual Studio 15
VisualStudioVersion = 15.0.28307.572
MinimumVisualStudioVersion = 10.0.40219.1
Project("{FAE04EC0-301F-11D3-BF4B-00C04F79EFBC}") = "ArgusDiner", "ArgusDiner\ArgusDiner.csproj", "{3E29DF5C-1A3A-47B2-8503-3BBE7EF212AA}"
EndProject
Global
	GlobalSection(SolutionConfigurationPlatforms) = preSolution
		Debug|Any CPU = Debug|Any CPU
		Release|Any CPU = Release|Any CPU
	EndGlobalSection
	GlobalSection(ProjectConfigurationPlatforms) = postSolution
		{3E29DF5C-1A3A-47B2-8503-3BBE7EF212AA}.Debug|Any CPU.ActiveCfg = Debug|Any CPU
		{3E29DF5C-1A3A-47B2-8503-3BBE7EF212AA}.Debug|Any CPU.Build.0 = Debug|Any CPU
		{3E29DF5C-1A3A-47B2-8503-3BBE7EF212AA}.Release|Any CPU.ActiveCfg = Release|Any CPU
		{3E29DF5C-1A3A-47B2-8503-3BBE7EF212AA}.Release|Any CPU.Build.0 = Release|Any CPU
	EndGlobalSection
	GlobalSection(SolutionProperties) = preSolution
		HideSolutionNode = FALSE
	EndGlobalSection
	GlobalSection(ExtensibilityGlobals) = postSolution
		SolutionGuid = {5291C90E-5E42-435C-9194-AAE38274D2D7}
	EndGlobalSection
EndGlobal
